{
  "version": 4,
  "terraform_version": "1.3.9",
  "serial": 535,
  "lineage": "71e52fe5-2f59-8545-837d-2cfac56fc91e",
  "outputs": {},
  "resources": [
    {
      "mode": "managed",
      "type": "azurerm_linux_web_app",
      "name": "webapp1",
      "provider": "provider[\"registry.terraform.io/hashicorp/azurerm\"]",
      "instances": [
        {
          "schema_version": 0,
          "attributes": {
            "app_settings": {},
            "auth_settings": [
              {
                "active_directory": [],
                "additional_login_parameters": {},
                "allowed_external_redirect_urls": [],
                "default_provider": "",
                "enabled": false,
                "facebook": [],
                "github": [],
                "google": [],
                "issuer": "",
                "microsoft": [],
                "runtime_version": "",
                "token_refresh_extension_hours": 0,
                "token_store_enabled": false,
                "twitter": [],
                "unauthenticated_client_action": ""
              }
            ],
            "backup": [],
            "client_affinity_enabled": false,
            "client_certificate_enabled": false,
            "client_certificate_exclusion_paths": "",
            "client_certificate_mode": "Required",
            "connection_string": [],
            "custom_domain_verification_id": "B0D257114EF4300955389509FBFD54979678EB49AEF706C934241FD385384D85",
            "default_hostname": "webapp1gis1981.azurewebsites.net",
            "enabled": true,
            "https_only": false,
            "id": "/subscriptions/4414020d-454a-4759-ab50-979f6260184a/resourceGroups/app-rg-vnet1/providers/Microsoft.Web/sites/WebApp1gis1981",
            "identity": [],
            "key_vault_reference_identity_id": "SystemAssigned",
            "kind": "app,linux",
            "location": "northeurope",
            "logs": [],
            "name": "WebApp1gis1981",
            "outbound_ip_address_list": [
              "4.208.73.166",
              "4.208.73.204",
              "4.208.73.226",
              "4.208.73.231",
              "4.208.74.34",
              "4.208.74.46",
              "20.107.224.27"
            ],
            "outbound_ip_addresses": "4.208.73.166,4.208.73.204,4.208.73.226,4.208.73.231,4.208.74.34,4.208.74.46,20.107.224.27",
            "possible_outbound_ip_address_list": [
              "4.208.73.166",
              "4.208.73.204",
              "4.208.73.226",
              "4.208.73.231",
              "4.208.74.34",
              "4.208.74.46",
              "20.223.45.36",
              "4.208.74.75",
              "4.208.74.241",
              "4.231.128.142",
              "4.231.129.49",
              "20.223.40.11",
              "4.231.129.94",
              "4.231.131.230",
              "4.231.129.137",
              "4.231.129.198",
              "4.231.129.210",
              "20.223.40.25",
              "4.208.73.165",
              "4.231.130.8",
              "4.231.130.96",
              "4.208.73.131",
              "4.231.130.150",
              "4.231.130.216",
              "20.107.224.27"
            ],
            "possible_outbound_ip_addresses": "4.208.73.166,4.208.73.204,4.208.73.226,4.208.73.231,4.208.74.34,4.208.74.46,20.223.45.36,4.208.74.75,4.208.74.241,4.231.128.142,4.231.129.49,20.223.40.11,4.231.129.94,4.231.131.230,4.231.129.137,4.231.129.198,4.231.129.210,20.223.40.25,4.208.73.165,4.231.130.8,4.231.130.96,4.208.73.131,4.231.130.150,4.231.130.216,20.107.224.27",
            "resource_group_name": "app-rg-vnet1",
            "service_plan_id": "/subscriptions/4414020d-454a-4759-ab50-979f6260184a/resourceGroups/app-rg-vnet1/providers/Microsoft.Web/serverfarms/App_Plan1",
            "site_config": [
              {
                "always_on": false,
                "api_definition_url": "",
                "api_management_api_id": "",
                "app_command_line": "",
                "application_stack": [
                  {
                    "docker_image": "",
                    "docker_image_tag": "",
                    "dotnet_version": "",
                    "go_version": "",
                    "java_server": "",
                    "java_server_version": "",
                    "java_version": "",
                    "node_version": "18-lts",
                    "php_version": "",
                    "python_version": "",
                    "ruby_version": ""
                  }
                ],
                "auto_heal_enabled": false,
                "auto_heal_setting": [],
                "container_registry_managed_identity_client_id": "",
                "container_registry_use_managed_identity": false,
                "cors": [],
                "default_documents": [
                  "Default.htm",
                  "Default.html",
                  "Default.asp",
                  "index.htm",
                  "index.html",
                  "iisstart.htm",
                  "default.aspx",
                  "index.php",
                  "hostingstart.html"
                ],
                "detailed_error_logging_enabled": false,
                "ftps_state": "Disabled",
                "health_check_eviction_time_in_min": 0,
                "health_check_path": "",
                "http2_enabled": false,
                "ip_restriction": [],
                "linux_fx_version": "NODE|18-lts",
                "load_balancing_mode": "LeastRequests",
                "local_mysql_enabled": false,
                "managed_pipeline_mode": "Integrated",
                "minimum_tls_version": "1.2",
                "remote_debugging_enabled": false,
                "remote_debugging_version": "VS2019",
                "scm_ip_restriction": [],
                "scm_minimum_tls_version": "1.2",
                "scm_type": "None",
                "scm_use_main_ip_restriction": false,
                "use_32_bit_worker": true,
                "vnet_route_all_enabled": false,
                "websockets_enabled": false,
                "worker_count": 1
              }
            ],
            "site_credential": [
              {
                "name": "$WebApp1gis1981",
                "password": "a4NK7sXuo9ZbTP0jnYbYJavpmeihYFiBy2tkS1W5ieaWivwfGvNl1yC5vxmG"
              }
            ],
            "sticky_settings": [],
            "storage_account": [],
            "tags": {},
            "timeouts": null,
            "virtual_network_subnet_id": "",
            "zip_deploy_file": ""
          },
          "sensitive_attributes": [],
          "private": "eyJlMmJmYjczMC1lY2FhLTExZTYtOGY4OC0zNDM2M2JjN2M0YzAiOnsiY3JlYXRlIjoxODAwMDAwMDAwMDAwLCJkZWxldGUiOjE4MDAwMDAwMDAwMDAsInJlYWQiOjMwMDAwMDAwMDAwMCwidXBkYXRlIjoxODAwMDAwMDAwMDAwfX0=",
          "dependencies": [
            "azurerm_resource_group.app-rg-vnet1",
            "azurerm_service_plan.WebAppPlan1"
          ]
        }
      ]
    },
    {
      "mode": "managed",
      "type": "azurerm_resource_group",
      "name": "app-rg-vnet1",
      "provider": "provider[\"registry.terraform.io/hashicorp/azurerm\"]",
      "instances": [
        {
          "schema_version": 0,
          "attributes": {
            "id": "/subscriptions/4414020d-454a-4759-ab50-979f6260184a/resourceGroups/app-rg-vnet1",
            "location": "northeurope",
            "name": "app-rg-vnet1",
            "tags": {},
            "timeouts": null
          },
          "sensitive_attributes": [],
          "private": "eyJlMmJmYjczMC1lY2FhLTExZTYtOGY4OC0zNDM2M2JjN2M0YzAiOnsiY3JlYXRlIjo1NDAwMDAwMDAwMDAwLCJkZWxldGUiOjU0MDAwMDAwMDAwMDAsInJlYWQiOjMwMDAwMDAwMDAwMCwidXBkYXRlIjo1NDAwMDAwMDAwMDAwfX0="
        }
      ]
    },
    {
      "mode": "managed",
      "type": "azurerm_service_plan",
      "name": "WebAppPlan1",
      "provider": "provider[\"registry.terraform.io/hashicorp/azurerm\"]",
      "instances": [
        {
          "schema_version": 0,
          "attributes": {
            "app_service_environment_id": "",
            "id": "/subscriptions/4414020d-454a-4759-ab50-979f6260184a/resourceGroups/app-rg-vnet1/providers/Microsoft.Web/serverfarms/App_Plan1",
            "kind": "linux",
            "location": "northeurope",
            "maximum_elastic_worker_count": 1,
            "name": "App_Plan1",
            "os_type": "Linux",
            "per_site_scaling_enabled": false,
            "reserved": true,
            "resource_group_name": "app-rg-vnet1",
            "sku_name": "F1",
            "tags": {},
            "timeouts": null,
            "worker_count": 1,
            "zone_balancing_enabled": false
          },
          "sensitive_attributes": [],
          "private": "eyJlMmJmYjczMC1lY2FhLTExZTYtOGY4OC0zNDM2M2JjN2M0YzAiOnsiY3JlYXRlIjozNjAwMDAwMDAwMDAwLCJkZWxldGUiOjM2MDAwMDAwMDAwMDAsInJlYWQiOjMwMDAwMDAwMDAwMCwidXBkYXRlIjozNjAwMDAwMDAwMDAwfX0=",
          "dependencies": [
            "azurerm_resource_group.app-rg-vnet1"
          ]
        }
      ]
    },
    {
      "mode": "managed",
      "type": "azurerm_service_plan",
      "name": "WebAppPlan2",
      "provider": "provider[\"registry.terraform.io/hashicorp/azurerm\"]",
      "instances": [
        {
          "schema_version": 0,
          "attributes": {
            "app_service_environment_id": "",
            "id": "/subscriptions/4414020d-454a-4759-ab50-979f6260184a/resourceGroups/app-rg-vnet1/providers/Microsoft.Web/serverfarms/App_Plan2",
            "kind": "app",
            "location": "northeurope",
            "maximum_elastic_worker_count": 1,
            "name": "App_Plan2",
            "os_type": "Windows",
            "per_site_scaling_enabled": false,
            "reserved": false,
            "resource_group_name": "app-rg-vnet1",
            "sku_name": "F1",
            "tags": {},
            "timeouts": null,
            "worker_count": 0,
            "zone_balancing_enabled": false
          },
          "sensitive_attributes": [],
          "private": "eyJlMmJmYjczMC1lY2FhLTExZTYtOGY4OC0zNDM2M2JjN2M0YzAiOnsiY3JlYXRlIjozNjAwMDAwMDAwMDAwLCJkZWxldGUiOjM2MDAwMDAwMDAwMDAsInJlYWQiOjMwMDAwMDAwMDAwMCwidXBkYXRlIjozNjAwMDAwMDAwMDAwfX0=",
          "dependencies": [
            "azurerm_resource_group.app-rg-vnet1"
          ]
        }
      ]
    },
    {
      "mode": "managed",
      "type": "azurerm_windows_web_app",
      "name": "webapp2",
      "provider": "provider[\"registry.terraform.io/hashicorp/azurerm\"]",
      "instances": [
        {
          "schema_version": 0,
          "attributes": {
            "app_settings": {},
            "auth_settings": [
              {
                "active_directory": [],
                "additional_login_parameters": {},
                "allowed_external_redirect_urls": [],
                "default_provider": "",
                "enabled": false,
                "facebook": [],
                "github": [],
                "google": [],
                "issuer": "",
                "microsoft": [],
                "runtime_version": "",
                "token_refresh_extension_hours": 0,
                "token_store_enabled": false,
                "twitter": [],
                "unauthenticated_client_action": ""
              }
            ],
            "backup": [],
            "client_affinity_enabled": false,
            "client_certificate_enabled": false,
            "client_certificate_exclusion_paths": "",
            "client_certificate_mode": "Required",
            "connection_string": [],
            "custom_domain_verification_id": "B0D257114EF4300955389509FBFD54979678EB49AEF706C934241FD385384D85",
            "default_hostname": "webapp2gis1982.azurewebsites.net",
            "enabled": true,
            "https_only": false,
            "id": "/subscriptions/4414020d-454a-4759-ab50-979f6260184a/resourceGroups/app-rg-vnet1/providers/Microsoft.Web/sites/WebApp2gis1982",
            "identity": [],
            "key_vault_reference_identity_id": "SystemAssigned",
            "kind": "app",
            "location": "northeurope",
            "logs": [],
            "name": "WebApp2gis1982",
            "outbound_ip_address_list": [
              "4.231.130.9",
              "4.231.130.35",
              "4.231.130.97",
              "4.231.130.151",
              "4.231.130.217",
              "4.231.131.136",
              "20.107.224.28"
            ],
            "outbound_ip_addresses": "4.231.130.9,4.231.130.35,4.231.130.97,4.231.130.151,4.231.130.217,4.231.131.136,20.107.224.28",
            "possible_outbound_ip_address_list": [
              "4.231.130.9",
              "4.231.130.35",
              "4.231.130.97",
              "4.231.130.151",
              "4.231.130.217",
              "4.231.131.136",
              "4.208.73.14",
              "4.231.131.200",
              "4.231.131.235",
              "4.231.132.2",
              "4.231.132.3",
              "4.231.132.46",
              "4.231.129.211",
              "20.223.47.189",
              "4.231.128.147",
              "4.231.131.166",
              "4.231.133.62",
              "4.231.132.67",
              "4.231.128.220",
              "20.54.28.246",
              "20.54.28.251",
              "20.54.29.4",
              "20.54.29.14",
              "20.54.29.21",
              "20.54.26.217",
              "20.54.26.231",
              "20.54.29.81",
              "20.54.29.143",
              "20.54.29.153",
              "20.54.29.161",
              "20.107.224.28"
            ],
            "possible_outbound_ip_addresses": "4.231.130.9,4.231.130.35,4.231.130.97,4.231.130.151,4.231.130.217,4.231.131.136,4.208.73.14,4.231.131.200,4.231.131.235,4.231.132.2,4.231.132.3,4.231.132.46,4.231.129.211,20.223.47.189,4.231.128.147,4.231.131.166,4.231.133.62,4.231.132.67,4.231.128.220,20.54.28.246,20.54.28.251,20.54.29.4,20.54.29.14,20.54.29.21,20.54.26.217,20.54.26.231,20.54.29.81,20.54.29.143,20.54.29.153,20.54.29.161,20.107.224.28",
            "resource_group_name": "app-rg-vnet1",
            "service_plan_id": "/subscriptions/4414020d-454a-4759-ab50-979f6260184a/resourceGroups/app-rg-vnet1/providers/Microsoft.Web/serverfarms/App_Plan2",
            "site_config": [
              {
                "always_on": false,
                "api_definition_url": "",
                "api_management_api_id": "",
                "app_command_line": "",
                "application_stack": [
                  {
                    "current_stack": "dotnet",
                    "docker_container_name": "",
                    "docker_container_registry": "",
                    "docker_container_tag": "",
                    "dotnet_core_version": "",
                    "dotnet_version": "v6.0",
                    "java_container": "",
                    "java_container_version": "",
                    "java_embedded_server_enabled": false,
                    "java_version": "",
                    "node_version": "",
                    "php_version": "5.6",
                    "python": false,
                    "python_version": "",
                    "tomcat_version": ""
                  }
                ],
                "auto_heal_enabled": false,
                "auto_heal_setting": [],
                "container_registry_managed_identity_client_id": "",
                "container_registry_use_managed_identity": false,
                "cors": [],
                "default_documents": [
                  "Default.htm",
                  "Default.html",
                  "Default.asp",
                  "index.htm",
                  "index.html",
                  "iisstart.htm",
                  "default.aspx",
                  "index.php",
                  "hostingstart.html"
                ],
                "detailed_error_logging_enabled": false,
                "ftps_state": "Disabled",
                "health_check_eviction_time_in_min": 0,
                "health_check_path": "",
                "http2_enabled": false,
                "ip_restriction": [],
                "linux_fx_version": "",
                "load_balancing_mode": "LeastRequests",
                "local_mysql_enabled": false,
                "managed_pipeline_mode": "Integrated",
                "minimum_tls_version": "1.2",
                "remote_debugging_enabled": false,
                "remote_debugging_version": "VS2019",
                "scm_ip_restriction": [],
                "scm_minimum_tls_version": "1.2",
                "scm_type": "None",
                "scm_use_main_ip_restriction": false,
                "use_32_bit_worker": true,
                "virtual_application": [],
                "vnet_route_all_enabled": false,
                "websockets_enabled": false,
                "windows_fx_version": "",
                "worker_count": 1
              }
            ],
            "site_credential": [
              {
                "name": "$WebApp2gis1982",
                "password": "2CNWwKfnlCXcRPiet8T56tSam0yzr8FbJ9TXTcke0hH7itXSc5PY4CwM8zqr"
              }
            ],
            "sticky_settings": [],
            "storage_account": [],
            "tags": {},
            "timeouts": null,
            "virtual_network_subnet_id": "",
            "zip_deploy_file": ""
          },
          "sensitive_attributes": [],
          "private": "eyJlMmJmYjczMC1lY2FhLTExZTYtOGY4OC0zNDM2M2JjN2M0YzAiOnsiY3JlYXRlIjoxODAwMDAwMDAwMDAwLCJkZWxldGUiOjE4MDAwMDAwMDAwMDAsInJlYWQiOjMwMDAwMDAwMDAwMCwidXBkYXRlIjoxODAwMDAwMDAwMDAwfX0=",
          "dependencies": [
            "azurerm_service_plan.WebAppPlan2"
          ]
        }
      ]
    }
  ],
  "check_results": null
}
