{
  "version": 4,
  "terraform_version": "1.3.9",
  "serial": 576,
  "lineage": "71e52fe5-2f59-8545-837d-2cfac56fc91e",
  "outputs": {},
  "resources": [
    {
      "mode": "managed",
      "type": "azurerm_app_service_source_control",
      "name": "sourcecontrol",
      "provider": "provider[\"registry.terraform.io/hashicorp/azurerm\"]",
      "instances": [
        {
          "schema_version": 0,
          "attributes": {
            "app_id": "/subscriptions/4414020d-454a-4759-ab50-979f6260184a/resourceGroups/apprg-79776/providers/Microsoft.Web/sites/webapp-79776",
            "branch": "main",
            "github_action_configuration": [],
            "id": "/subscriptions/4414020d-454a-4759-ab50-979f6260184a/resourceGroups/apprg-79776/providers/Microsoft.Web/sites/webapp-79776",
            "repo_url": "https://github.com/garrytees81/webapp1",
            "rollback_enabled": false,
            "scm_type": "ExternalGit",
            "timeouts": null,
            "use_local_git": false,
            "use_manual_integration": true,
            "use_mercurial": false,
            "uses_github_action": false
          },
          "sensitive_attributes": [],
          "private": "eyJlMmJmYjczMC1lY2FhLTExZTYtOGY4OC0zNDM2M2JjN2M0YzAiOnsiY3JlYXRlIjoxODAwMDAwMDAwMDAwLCJkZWxldGUiOjE4MDAwMDAwMDAwMDAsInJlYWQiOjMwMDAwMDAwMDAwMH19",
          "dependencies": [
            "azurerm_linux_web_app.webapp1",
            "azurerm_resource_group.rg",
            "azurerm_service_plan.WebAppPlan1",
            "random_integer.ri"
          ]
        }
      ]
    },
    {
      "mode": "managed",
      "type": "azurerm_linux_web_app",
      "name": "webapp1",
      "provider": "provider[\"registry.terraform.io/hashicorp/azurerm\"]",
      "instances": [
        {
          "schema_version": 0,
          "attributes": {
            "app_settings": null,
            "auth_settings": [
              {
                "active_directory": [],
                "additional_login_parameters": {},
                "allowed_external_redirect_urls": [],
                "default_provider": "",
                "enabled": false,
                "facebook": [],
                "github": [],
                "google": [],
                "issuer": "",
                "microsoft": [],
                "runtime_version": "",
                "token_refresh_extension_hours": 0,
                "token_store_enabled": false,
                "twitter": [],
                "unauthenticated_client_action": ""
              }
            ],
            "backup": [],
            "client_affinity_enabled": false,
            "client_certificate_enabled": false,
            "client_certificate_exclusion_paths": "",
            "client_certificate_mode": "Required",
            "connection_string": [],
            "custom_domain_verification_id": "B0D257114EF4300955389509FBFD54979678EB49AEF706C934241FD385384D85",
            "default_hostname": "webapp-79776.azurewebsites.net",
            "enabled": true,
            "https_only": true,
            "id": "/subscriptions/4414020d-454a-4759-ab50-979f6260184a/resourceGroups/apprg-79776/providers/Microsoft.Web/sites/webapp-79776",
            "identity": [],
            "key_vault_reference_identity_id": "SystemAssigned",
            "kind": "app,linux",
            "location": "northeurope",
            "logs": [],
            "name": "webapp-79776",
            "outbound_ip_address_list": [
              "20.67.143.229",
              "20.67.143.234",
              "20.105.8.17",
              "20.105.8.53",
              "20.105.8.132",
              "20.105.8.146",
              "20.107.224.3"
            ],
            "outbound_ip_addresses": "20.67.143.229,20.67.143.234,20.105.8.17,20.105.8.53,20.105.8.132,20.105.8.146,20.107.224.3",
            "possible_outbound_ip_address_list": [
              "20.67.143.229",
              "20.67.143.234",
              "20.105.8.17",
              "20.105.8.53",
              "20.105.8.132",
              "20.105.8.146",
              "20.105.8.149",
              "20.67.141.77",
              "20.105.8.158",
              "20.105.8.163",
              "20.105.8.183",
              "20.105.8.185",
              "20.105.8.186",
              "20.105.8.198",
              "20.67.231.89",
              "20.67.196.68",
              "20.67.148.115",
              "20.67.148.189",
              "20.67.148.195",
              "20.67.148.207",
              "20.67.148.211",
              "20.67.148.252",
              "20.67.149.2",
              "20.67.149.30",
              "20.107.224.3"
            ],
            "possible_outbound_ip_addresses": "20.67.143.229,20.67.143.234,20.105.8.17,20.105.8.53,20.105.8.132,20.105.8.146,20.105.8.149,20.67.141.77,20.105.8.158,20.105.8.163,20.105.8.183,20.105.8.185,20.105.8.186,20.105.8.198,20.67.231.89,20.67.196.68,20.67.148.115,20.67.148.189,20.67.148.195,20.67.148.207,20.67.148.211,20.67.148.252,20.67.149.2,20.67.149.30,20.107.224.3",
            "resource_group_name": "apprg-79776",
            "service_plan_id": "/subscriptions/4414020d-454a-4759-ab50-979f6260184a/resourceGroups/apprg-79776/providers/Microsoft.Web/serverfarms/webapp-asp-79776",
            "site_config": [
              {
                "always_on": false,
                "api_definition_url": "",
                "api_management_api_id": "",
                "app_command_line": "",
                "application_stack": [
                  {
                    "docker_image": "",
                    "docker_image_tag": "",
                    "dotnet_version": "",
                    "go_version": "",
                    "java_server": "",
                    "java_server_version": "",
                    "java_version": "",
                    "node_version": "18-lts",
                    "php_version": "",
                    "python_version": "",
                    "ruby_version": ""
                  }
                ],
                "auto_heal_enabled": false,
                "auto_heal_setting": [],
                "container_registry_managed_identity_client_id": "",
                "container_registry_use_managed_identity": false,
                "cors": [],
                "default_documents": [
                  "Default.htm",
                  "Default.html",
                  "Default.asp",
                  "index.htm",
                  "index.html",
                  "iisstart.htm",
                  "default.aspx",
                  "index.php",
                  "hostingstart.html"
                ],
                "detailed_error_logging_enabled": false,
                "ftps_state": "Disabled",
                "health_check_eviction_time_in_min": 0,
                "health_check_path": "",
                "http2_enabled": false,
                "ip_restriction": [],
                "linux_fx_version": "NODE|18-lts",
                "load_balancing_mode": "LeastRequests",
                "local_mysql_enabled": false,
                "managed_pipeline_mode": "Integrated",
                "minimum_tls_version": "1.2",
                "remote_debugging_enabled": false,
                "remote_debugging_version": "VS2019",
                "scm_ip_restriction": [],
                "scm_minimum_tls_version": "1.2",
                "scm_type": "None",
                "scm_use_main_ip_restriction": false,
                "use_32_bit_worker": true,
                "vnet_route_all_enabled": false,
                "websockets_enabled": false,
                "worker_count": 1
              }
            ],
            "site_credential": [
              {
                "name": "$webapp-79776",
                "password": "Fi4Bn0wlxRk4GqouAulz8lsurry9bf1soJnkLSCs7mo0AZoyqWFHAF3h222o"
              }
            ],
            "sticky_settings": [],
            "storage_account": [],
            "tags": null,
            "timeouts": null,
            "virtual_network_subnet_id": "",
            "zip_deploy_file": ""
          },
          "sensitive_attributes": [],
          "private": "eyJlMmJmYjczMC1lY2FhLTExZTYtOGY4OC0zNDM2M2JjN2M0YzAiOnsiY3JlYXRlIjoxODAwMDAwMDAwMDAwLCJkZWxldGUiOjE4MDAwMDAwMDAwMDAsInJlYWQiOjMwMDAwMDAwMDAwMCwidXBkYXRlIjoxODAwMDAwMDAwMDAwfX0=",
          "dependencies": [
            "azurerm_resource_group.rg",
            "azurerm_service_plan.WebAppPlan1",
            "random_integer.ri"
          ]
        }
      ]
    },
    {
      "mode": "managed",
      "type": "azurerm_resource_group",
      "name": "rg",
      "provider": "provider[\"registry.terraform.io/hashicorp/azurerm\"]",
      "instances": [
        {
          "schema_version": 0,
          "attributes": {
            "id": "/subscriptions/4414020d-454a-4759-ab50-979f6260184a/resourceGroups/apprg-79776",
            "location": "northeurope",
            "name": "apprg-79776",
            "tags": null,
            "timeouts": null
          },
          "sensitive_attributes": [],
          "private": "eyJlMmJmYjczMC1lY2FhLTExZTYtOGY4OC0zNDM2M2JjN2M0YzAiOnsiY3JlYXRlIjo1NDAwMDAwMDAwMDAwLCJkZWxldGUiOjU0MDAwMDAwMDAwMDAsInJlYWQiOjMwMDAwMDAwMDAwMCwidXBkYXRlIjo1NDAwMDAwMDAwMDAwfX0=",
          "dependencies": [
            "random_integer.ri"
          ]
        }
      ]
    },
    {
      "mode": "managed",
      "type": "azurerm_service_plan",
      "name": "WebAppPlan1",
      "provider": "provider[\"registry.terraform.io/hashicorp/azurerm\"]",
      "instances": [
        {
          "schema_version": 0,
          "attributes": {
            "app_service_environment_id": "",
            "id": "/subscriptions/4414020d-454a-4759-ab50-979f6260184a/resourceGroups/apprg-79776/providers/Microsoft.Web/serverfarms/webapp-asp-79776",
            "kind": "linux",
            "location": "northeurope",
            "maximum_elastic_worker_count": 1,
            "name": "webapp-asp-79776",
            "os_type": "Linux",
            "per_site_scaling_enabled": false,
            "reserved": true,
            "resource_group_name": "apprg-79776",
            "sku_name": "F1",
            "tags": null,
            "timeouts": null,
            "worker_count": 1,
            "zone_balancing_enabled": false
          },
          "sensitive_attributes": [],
          "private": "eyJlMmJmYjczMC1lY2FhLTExZTYtOGY4OC0zNDM2M2JjN2M0YzAiOnsiY3JlYXRlIjozNjAwMDAwMDAwMDAwLCJkZWxldGUiOjM2MDAwMDAwMDAwMDAsInJlYWQiOjMwMDAwMDAwMDAwMCwidXBkYXRlIjozNjAwMDAwMDAwMDAwfX0=",
          "dependencies": [
            "azurerm_resource_group.rg",
            "random_integer.ri"
          ]
        }
      ]
    },
    {
      "mode": "managed",
      "type": "random_integer",
      "name": "ri",
      "provider": "provider[\"registry.terraform.io/hashicorp/random\"]",
      "instances": [
        {
          "schema_version": 0,
          "attributes": {
            "id": "79776",
            "keepers": null,
            "max": 99999,
            "min": 10000,
            "result": 79776,
            "seed": null
          },
          "sensitive_attributes": []
        }
      ]
    }
  ],
  "check_results": null
}
