{
  "version": 4,
  "terraform_version": "1.3.9",
  "serial": 601,
  "lineage": "71e52fe5-2f59-8545-837d-2cfac56fc91e",
  "outputs": {},
  "resources": [
    {
      "mode": "managed",
      "type": "azurerm_app_service_source_control",
      "name": "sourcecontrol",
      "provider": "provider[\"registry.terraform.io/hashicorp/azurerm\"]",
      "instances": [
        {
          "schema_version": 0,
          "attributes": {
            "app_id": "/subscriptions/4414020d-454a-4759-ab50-979f6260184a/resourceGroups/apprg-69119/providers/Microsoft.Web/sites/webapp-69119",
            "branch": "main",
            "github_action_configuration": [],
            "id": "/subscriptions/4414020d-454a-4759-ab50-979f6260184a/resourceGroups/apprg-69119/providers/Microsoft.Web/sites/webapp-69119",
            "repo_url": "https://github.com/garrytees81/webapp1",
            "rollback_enabled": false,
            "scm_type": "ExternalGit",
            "timeouts": null,
            "use_local_git": false,
            "use_manual_integration": true,
            "use_mercurial": false,
            "uses_github_action": false
          },
          "sensitive_attributes": [],
          "private": "eyJlMmJmYjczMC1lY2FhLTExZTYtOGY4OC0zNDM2M2JjN2M0YzAiOnsiY3JlYXRlIjoxODAwMDAwMDAwMDAwLCJkZWxldGUiOjE4MDAwMDAwMDAwMDAsInJlYWQiOjMwMDAwMDAwMDAwMH19",
          "dependencies": [
            "azurerm_linux_web_app.webapp1",
            "azurerm_resource_group.rg",
            "azurerm_service_plan.WebAppPlan1",
            "random_integer.ri"
          ]
        }
      ]
    },
    {
      "mode": "managed",
      "type": "azurerm_linux_function_app",
      "name": "funcapp1",
      "provider": "provider[\"registry.terraform.io/hashicorp/azurerm\"]",
      "instances": [
        {
          "schema_version": 0,
          "attributes": {
            "app_settings": {},
            "auth_settings": [
              {
                "active_directory": [],
                "additional_login_parameters": {},
                "allowed_external_redirect_urls": [],
                "default_provider": "",
                "enabled": false,
                "facebook": [],
                "github": [],
                "google": [],
                "issuer": "",
                "microsoft": [],
                "runtime_version": "",
                "token_refresh_extension_hours": 0,
                "token_store_enabled": false,
                "twitter": [],
                "unauthenticated_client_action": ""
              }
            ],
            "backup": [],
            "builtin_logging_enabled": true,
            "client_certificate_enabled": false,
            "client_certificate_exclusion_paths": "",
            "client_certificate_mode": "Optional",
            "connection_string": [],
            "content_share_force_disabled": false,
            "custom_domain_verification_id": "B0D257114EF4300955389509FBFD54979678EB49AEF706C934241FD385384D85",
            "daily_memory_time_quota": 0,
            "default_hostname": "funcapp-87766.azurewebsites.net",
            "enabled": true,
            "functions_extension_version": "~4",
            "https_only": false,
            "id": "/subscriptions/4414020d-454a-4759-ab50-979f6260184a/resourceGroups/apprg-87766/providers/Microsoft.Web/sites/funcapp-87766",
            "identity": [],
            "key_vault_reference_identity_id": "SystemAssigned",
            "kind": "functionapp,linux",
            "location": "northeurope",
            "name": "funcapp-87766",
            "outbound_ip_address_list": [
              "20.67.143.229",
              "20.67.143.234",
              "20.105.8.17",
              "20.105.8.53",
              "20.105.8.132",
              "20.105.8.146",
              "20.107.224.3"
            ],
            "outbound_ip_addresses": "20.67.143.229,20.67.143.234,20.105.8.17,20.105.8.53,20.105.8.132,20.105.8.146,20.107.224.3",
            "possible_outbound_ip_address_list": [
              "20.67.143.229",
              "20.67.143.234",
              "20.105.8.17",
              "20.105.8.53",
              "20.105.8.132",
              "20.105.8.146",
              "20.105.8.149",
              "20.67.141.77",
              "20.105.8.158",
              "20.105.8.163",
              "20.105.8.183",
              "20.105.8.185",
              "20.105.8.186",
              "20.105.8.198",
              "20.67.231.89",
              "20.67.196.68",
              "20.67.148.115",
              "20.67.148.189",
              "20.67.148.195",
              "20.67.148.207",
              "20.67.148.211",
              "20.67.148.252",
              "20.67.149.2",
              "20.67.149.30",
              "20.107.224.3"
            ],
            "possible_outbound_ip_addresses": "20.67.143.229,20.67.143.234,20.105.8.17,20.105.8.53,20.105.8.132,20.105.8.146,20.105.8.149,20.67.141.77,20.105.8.158,20.105.8.163,20.105.8.183,20.105.8.185,20.105.8.186,20.105.8.198,20.67.231.89,20.67.196.68,20.67.148.115,20.67.148.189,20.67.148.195,20.67.148.207,20.67.148.211,20.67.148.252,20.67.149.2,20.67.149.30,20.107.224.3",
            "resource_group_name": "apprg-87766",
            "service_plan_id": "/subscriptions/4414020d-454a-4759-ab50-979f6260184a/resourceGroups/apprg-87766/providers/Microsoft.Web/serverfarms/funcapp-asp-87766",
            "site_config": [
              {
                "always_on": false,
                "api_definition_url": "",
                "api_management_api_id": "",
                "app_command_line": "",
                "app_scale_limit": 200,
                "app_service_logs": [],
                "application_insights_connection_string": "",
                "application_insights_key": "",
                "application_stack": [
                  {
                    "docker": [],
                    "dotnet_version": "",
                    "java_version": "",
                    "node_version": "",
                    "powershell_core_version": "",
                    "python_version": "3.7",
                    "use_custom_runtime": false,
                    "use_dotnet_isolated_runtime": false
                  }
                ],
                "container_registry_managed_identity_client_id": "",
                "container_registry_use_managed_identity": false,
                "cors": [],
                "default_documents": [
                  "Default.htm",
                  "Default.html",
                  "Default.asp",
                  "index.htm",
                  "index.html",
                  "iisstart.htm",
                  "default.aspx",
                  "index.php"
                ],
                "detailed_error_logging_enabled": false,
                "elastic_instance_minimum": 0,
                "ftps_state": "Disabled",
                "health_check_eviction_time_in_min": 0,
                "health_check_path": "",
                "http2_enabled": false,
                "ip_restriction": [],
                "linux_fx_version": "PYTHON|3.7",
                "load_balancing_mode": "LeastRequests",
                "managed_pipeline_mode": "Integrated",
                "minimum_tls_version": "1.2",
                "pre_warmed_instance_count": 0,
                "remote_debugging_enabled": false,
                "remote_debugging_version": "",
                "runtime_scale_monitoring_enabled": false,
                "scm_ip_restriction": [],
                "scm_minimum_tls_version": "1.2",
                "scm_type": "None",
                "scm_use_main_ip_restriction": false,
                "use_32_bit_worker": false,
                "vnet_route_all_enabled": false,
                "websockets_enabled": false,
                "worker_count": 1
              }
            ],
            "site_credential": [
              {
                "name": "$funcapp-87766",
                "password": "rrbi4ZGMF8yfjepLqwbj1tc0FqqtjFY8D3Yw2Lq3aRsJiP9FjjDWsTZRXgLX"
              }
            ],
            "sticky_settings": [],
            "storage_account": [],
            "storage_account_access_key": "sJmTrRi2c3rJbuBvBK/u8vGYpufHegURAQpegyJNiGdHV9IsbENj/o6bIjmQpkt8+g3ieFLigCzD+AStfuR1aQ==",
            "storage_account_name": "funcappblob87766",
            "storage_key_vault_secret_id": "",
            "storage_uses_managed_identity": false,
            "tags": {},
            "timeouts": null,
            "virtual_network_subnet_id": ""
          },
          "sensitive_attributes": [
            [
              {
                "type": "get_attr",
                "value": "storage_account_access_key"
              }
            ]
          ],
          "private": "eyJlMmJmYjczMC1lY2FhLTExZTYtOGY4OC0zNDM2M2JjN2M0YzAiOnsiY3JlYXRlIjoxODAwMDAwMDAwMDAwLCJkZWxldGUiOjE4MDAwMDAwMDAwMDAsInJlYWQiOjMwMDAwMDAwMDAwMCwidXBkYXRlIjoxODAwMDAwMDAwMDAwfX0=",
          "dependencies": [
            "azurerm_resource_group.rg1",
            "azurerm_service_plan.funcappasp",
            "azurerm_storage_account.funappblob1",
            "random_integer.func"
          ]
        }
      ]
    },
    {
      "mode": "managed",
      "type": "azurerm_linux_web_app",
      "name": "webapp1",
      "provider": "provider[\"registry.terraform.io/hashicorp/azurerm\"]",
      "instances": [
        {
          "schema_version": 0,
          "attributes": {
            "app_settings": null,
            "auth_settings": [
              {
                "active_directory": [],
                "additional_login_parameters": {},
                "allowed_external_redirect_urls": [],
                "default_provider": "",
                "enabled": false,
                "facebook": [],
                "github": [],
                "google": [],
                "issuer": "",
                "microsoft": [],
                "runtime_version": "",
                "token_refresh_extension_hours": 0,
                "token_store_enabled": false,
                "twitter": [],
                "unauthenticated_client_action": ""
              }
            ],
            "backup": [],
            "client_affinity_enabled": false,
            "client_certificate_enabled": false,
            "client_certificate_exclusion_paths": "",
            "client_certificate_mode": "Required",
            "connection_string": [],
            "custom_domain_verification_id": "B0D257114EF4300955389509FBFD54979678EB49AEF706C934241FD385384D85",
            "default_hostname": "webapp-69119.azurewebsites.net",
            "enabled": true,
            "https_only": true,
            "id": "/subscriptions/4414020d-454a-4759-ab50-979f6260184a/resourceGroups/apprg-69119/providers/Microsoft.Web/sites/webapp-69119",
            "identity": [],
            "key_vault_reference_identity_id": "SystemAssigned",
            "kind": "app,linux",
            "location": "northeurope",
            "logs": [],
            "name": "webapp-69119",
            "outbound_ip_address_list": [
              "20.54.9.222",
              "20.54.9.238",
              "20.54.10.37",
              "20.54.10.70",
              "20.54.10.171",
              "40.127.234.253",
              "20.107.224.25"
            ],
            "outbound_ip_addresses": "20.54.9.222,20.54.9.238,20.54.10.37,20.54.10.70,20.54.10.171,40.127.234.253,20.107.224.25",
            "possible_outbound_ip_address_list": [
              "20.54.9.222",
              "20.54.9.238",
              "20.54.10.37",
              "20.54.10.70",
              "20.54.10.171",
              "40.127.234.253",
              "40.127.235.30",
              "20.54.10.185",
              "40.127.237.236",
              "20.54.8.99",
              "20.54.10.243",
              "20.54.10.247",
              "20.54.11.2",
              "20.54.11.20",
              "20.54.11.64",
              "20.54.11.108",
              "40.127.238.250",
              "40.127.237.188",
              "20.54.10.11",
              "20.54.10.50",
              "20.54.8.41",
              "40.127.233.109",
              "20.54.11.29",
              "20.54.11.135",
              "20.107.224.25"
            ],
            "possible_outbound_ip_addresses": "20.54.9.222,20.54.9.238,20.54.10.37,20.54.10.70,20.54.10.171,40.127.234.253,40.127.235.30,20.54.10.185,40.127.237.236,20.54.8.99,20.54.10.243,20.54.10.247,20.54.11.2,20.54.11.20,20.54.11.64,20.54.11.108,40.127.238.250,40.127.237.188,20.54.10.11,20.54.10.50,20.54.8.41,40.127.233.109,20.54.11.29,20.54.11.135,20.107.224.25",
            "resource_group_name": "apprg-69119",
            "service_plan_id": "/subscriptions/4414020d-454a-4759-ab50-979f6260184a/resourceGroups/apprg-69119/providers/Microsoft.Web/serverfarms/webapp-asp-69119",
            "site_config": [
              {
                "always_on": false,
                "api_definition_url": "",
                "api_management_api_id": "",
                "app_command_line": "",
                "application_stack": [
                  {
                    "docker_image": "",
                    "docker_image_tag": "",
                    "dotnet_version": "",
                    "go_version": "",
                    "java_server": "",
                    "java_server_version": "",
                    "java_version": "",
                    "node_version": "18-lts",
                    "php_version": "",
                    "python_version": "",
                    "ruby_version": ""
                  }
                ],
                "auto_heal_enabled": false,
                "auto_heal_setting": [],
                "container_registry_managed_identity_client_id": "",
                "container_registry_use_managed_identity": false,
                "cors": [],
                "default_documents": [
                  "Default.htm",
                  "Default.html",
                  "Default.asp",
                  "index.htm",
                  "index.html",
                  "iisstart.htm",
                  "default.aspx",
                  "index.php",
                  "hostingstart.html"
                ],
                "detailed_error_logging_enabled": false,
                "ftps_state": "Disabled",
                "health_check_eviction_time_in_min": 0,
                "health_check_path": "",
                "http2_enabled": false,
                "ip_restriction": [],
                "linux_fx_version": "NODE|18-lts",
                "load_balancing_mode": "LeastRequests",
                "local_mysql_enabled": false,
                "managed_pipeline_mode": "Integrated",
                "minimum_tls_version": "1.2",
                "remote_debugging_enabled": false,
                "remote_debugging_version": "VS2019",
                "scm_ip_restriction": [],
                "scm_minimum_tls_version": "1.2",
                "scm_type": "None",
                "scm_use_main_ip_restriction": false,
                "use_32_bit_worker": true,
                "vnet_route_all_enabled": false,
                "websockets_enabled": false,
                "worker_count": 1
              }
            ],
            "site_credential": [
              {
                "name": "$webapp-69119",
                "password": "aFFgwndsWkljxqGdDnu9qGnuQ87tTmS1W41xMi02z2PMsZHxNQwNwcg9vpaT"
              }
            ],
            "sticky_settings": [],
            "storage_account": [],
            "tags": null,
            "timeouts": null,
            "virtual_network_subnet_id": "",
            "zip_deploy_file": ""
          },
          "sensitive_attributes": [],
          "private": "eyJlMmJmYjczMC1lY2FhLTExZTYtOGY4OC0zNDM2M2JjN2M0YzAiOnsiY3JlYXRlIjoxODAwMDAwMDAwMDAwLCJkZWxldGUiOjE4MDAwMDAwMDAwMDAsInJlYWQiOjMwMDAwMDAwMDAwMCwidXBkYXRlIjoxODAwMDAwMDAwMDAwfX0=",
          "dependencies": [
            "azurerm_resource_group.rg",
            "azurerm_service_plan.WebAppPlan1",
            "random_integer.ri"
          ]
        }
      ]
    },
    {
      "mode": "managed",
      "type": "azurerm_resource_group",
      "name": "rg",
      "provider": "provider[\"registry.terraform.io/hashicorp/azurerm\"]",
      "instances": [
        {
          "schema_version": 0,
          "attributes": {
            "id": "/subscriptions/4414020d-454a-4759-ab50-979f6260184a/resourceGroups/apprg-69119",
            "location": "northeurope",
            "name": "apprg-69119",
            "tags": null,
            "timeouts": null
          },
          "sensitive_attributes": [],
          "private": "eyJlMmJmYjczMC1lY2FhLTExZTYtOGY4OC0zNDM2M2JjN2M0YzAiOnsiY3JlYXRlIjo1NDAwMDAwMDAwMDAwLCJkZWxldGUiOjU0MDAwMDAwMDAwMDAsInJlYWQiOjMwMDAwMDAwMDAwMCwidXBkYXRlIjo1NDAwMDAwMDAwMDAwfX0=",
          "dependencies": [
            "random_integer.ri"
          ]
        }
      ]
    },
    {
      "mode": "managed",
      "type": "azurerm_resource_group",
      "name": "rg1",
      "provider": "provider[\"registry.terraform.io/hashicorp/azurerm\"]",
      "instances": [
        {
          "schema_version": 0,
          "attributes": {
            "id": "/subscriptions/4414020d-454a-4759-ab50-979f6260184a/resourceGroups/apprg-87766",
            "location": "northeurope",
            "name": "apprg-87766",
            "tags": {},
            "timeouts": null
          },
          "sensitive_attributes": [],
          "private": "eyJlMmJmYjczMC1lY2FhLTExZTYtOGY4OC0zNDM2M2JjN2M0YzAiOnsiY3JlYXRlIjo1NDAwMDAwMDAwMDAwLCJkZWxldGUiOjU0MDAwMDAwMDAwMDAsInJlYWQiOjMwMDAwMDAwMDAwMCwidXBkYXRlIjo1NDAwMDAwMDAwMDAwfX0=",
          "dependencies": [
            "random_integer.func"
          ]
        }
      ]
    },
    {
      "mode": "managed",
      "type": "azurerm_service_plan",
      "name": "WebAppPlan1",
      "provider": "provider[\"registry.terraform.io/hashicorp/azurerm\"]",
      "instances": [
        {
          "schema_version": 0,
          "attributes": {
            "app_service_environment_id": "",
            "id": "/subscriptions/4414020d-454a-4759-ab50-979f6260184a/resourceGroups/apprg-69119/providers/Microsoft.Web/serverfarms/webapp-asp-69119",
            "kind": "linux",
            "location": "northeurope",
            "maximum_elastic_worker_count": 1,
            "name": "webapp-asp-69119",
            "os_type": "Linux",
            "per_site_scaling_enabled": false,
            "reserved": true,
            "resource_group_name": "apprg-69119",
            "sku_name": "F1",
            "tags": null,
            "timeouts": null,
            "worker_count": 1,
            "zone_balancing_enabled": false
          },
          "sensitive_attributes": [],
          "private": "eyJlMmJmYjczMC1lY2FhLTExZTYtOGY4OC0zNDM2M2JjN2M0YzAiOnsiY3JlYXRlIjozNjAwMDAwMDAwMDAwLCJkZWxldGUiOjM2MDAwMDAwMDAwMDAsInJlYWQiOjMwMDAwMDAwMDAwMCwidXBkYXRlIjozNjAwMDAwMDAwMDAwfX0=",
          "dependencies": [
            "azurerm_resource_group.rg",
            "random_integer.ri"
          ]
        }
      ]
    },
    {
      "mode": "managed",
      "type": "azurerm_service_plan",
      "name": "funcappasp",
      "provider": "provider[\"registry.terraform.io/hashicorp/azurerm\"]",
      "instances": [
        {
          "schema_version": 0,
          "attributes": {
            "app_service_environment_id": "",
            "id": "/subscriptions/4414020d-454a-4759-ab50-979f6260184a/resourceGroups/apprg-87766/providers/Microsoft.Web/serverfarms/funcapp-asp-87766",
            "kind": "functionapp",
            "location": "northeurope",
            "maximum_elastic_worker_count": 1,
            "name": "funcapp-asp-87766",
            "os_type": "Linux",
            "per_site_scaling_enabled": false,
            "reserved": true,
            "resource_group_name": "apprg-87766",
            "sku_name": "Y1",
            "tags": {},
            "timeouts": null,
            "worker_count": 0,
            "zone_balancing_enabled": false
          },
          "sensitive_attributes": [],
          "private": "eyJlMmJmYjczMC1lY2FhLTExZTYtOGY4OC0zNDM2M2JjN2M0YzAiOnsiY3JlYXRlIjozNjAwMDAwMDAwMDAwLCJkZWxldGUiOjM2MDAwMDAwMDAwMDAsInJlYWQiOjMwMDAwMDAwMDAwMCwidXBkYXRlIjozNjAwMDAwMDAwMDAwfX0=",
          "dependencies": [
            "azurerm_resource_group.rg1",
            "random_integer.func"
          ]
        }
      ]
    },
    {
      "mode": "managed",
      "type": "azurerm_storage_account",
      "name": "funappblob1",
      "provider": "provider[\"registry.terraform.io/hashicorp/azurerm\"]",
      "instances": [
        {
          "schema_version": 3,
          "attributes": {
            "access_tier": "Hot",
            "account_kind": "StorageV2",
            "account_replication_type": "LRS",
            "account_tier": "Standard",
            "allow_nested_items_to_be_public": true,
            "allowed_copy_scope": "",
            "azure_files_authentication": [],
            "blob_properties": [
              {
                "change_feed_enabled": false,
                "change_feed_retention_in_days": 0,
                "container_delete_retention_policy": [],
                "cors_rule": [],
                "default_service_version": "",
                "delete_retention_policy": [],
                "last_access_time_enabled": false,
                "restore_policy": [],
                "versioning_enabled": false
              }
            ],
            "cross_tenant_replication_enabled": true,
            "custom_domain": [],
            "customer_managed_key": [],
            "default_to_oauth_authentication": false,
            "edge_zone": "",
            "enable_https_traffic_only": true,
            "id": "/subscriptions/4414020d-454a-4759-ab50-979f6260184a/resourceGroups/apprg-87766/providers/Microsoft.Storage/storageAccounts/funcappblob87766",
            "identity": [],
            "immutability_policy": [],
            "infrastructure_encryption_enabled": false,
            "is_hns_enabled": false,
            "large_file_share_enabled": null,
            "location": "northeurope",
            "min_tls_version": "TLS1_2",
            "name": "funcappblob87766",
            "network_rules": [
              {
                "bypass": [
                  "AzureServices"
                ],
                "default_action": "Allow",
                "ip_rules": [],
                "private_link_access": [],
                "virtual_network_subnet_ids": []
              }
            ],
            "nfsv3_enabled": false,
            "primary_access_key": "sJmTrRi2c3rJbuBvBK/u8vGYpufHegURAQpegyJNiGdHV9IsbENj/o6bIjmQpkt8+g3ieFLigCzD+AStfuR1aQ==",
            "primary_blob_connection_string": "DefaultEndpointsProtocol=https;BlobEndpoint=https://funcappblob87766.blob.core.windows.net/;AccountName=funcappblob87766;AccountKey=sJmTrRi2c3rJbuBvBK/u8vGYpufHegURAQpegyJNiGdHV9IsbENj/o6bIjmQpkt8+g3ieFLigCzD+AStfuR1aQ==",
            "primary_blob_endpoint": "https://funcappblob87766.blob.core.windows.net/",
            "primary_blob_host": "funcappblob87766.blob.core.windows.net",
            "primary_connection_string": "DefaultEndpointsProtocol=https;AccountName=funcappblob87766;AccountKey=sJmTrRi2c3rJbuBvBK/u8vGYpufHegURAQpegyJNiGdHV9IsbENj/o6bIjmQpkt8+g3ieFLigCzD+AStfuR1aQ==;EndpointSuffix=core.windows.net",
            "primary_dfs_endpoint": "https://funcappblob87766.dfs.core.windows.net/",
            "primary_dfs_host": "funcappblob87766.dfs.core.windows.net",
            "primary_file_endpoint": "https://funcappblob87766.file.core.windows.net/",
            "primary_file_host": "funcappblob87766.file.core.windows.net",
            "primary_location": "northeurope",
            "primary_queue_endpoint": "https://funcappblob87766.queue.core.windows.net/",
            "primary_queue_host": "funcappblob87766.queue.core.windows.net",
            "primary_table_endpoint": "https://funcappblob87766.table.core.windows.net/",
            "primary_table_host": "funcappblob87766.table.core.windows.net",
            "primary_web_endpoint": "https://funcappblob87766.z16.web.core.windows.net/",
            "primary_web_host": "funcappblob87766.z16.web.core.windows.net",
            "public_network_access_enabled": true,
            "queue_encryption_key_type": "Service",
            "queue_properties": [
              {
                "cors_rule": [],
                "hour_metrics": [
                  {
                    "enabled": true,
                    "include_apis": true,
                    "retention_policy_days": 7,
                    "version": "1.0"
                  }
                ],
                "logging": [
                  {
                    "delete": false,
                    "read": false,
                    "retention_policy_days": 0,
                    "version": "1.0",
                    "write": false
                  }
                ],
                "minute_metrics": [
                  {
                    "enabled": false,
                    "include_apis": false,
                    "retention_policy_days": 0,
                    "version": "1.0"
                  }
                ]
              }
            ],
            "resource_group_name": "apprg-87766",
            "routing": [],
            "sas_policy": [],
            "secondary_access_key": "8W0A7wDEjZg/JdEaj5GyMLaVtH6ilPU/f6IyFeruZtSyKP8h6ubh/zHpWkh+1qf9NNUyTXub+0ej+AStpROQLw==",
            "secondary_blob_connection_string": "",
            "secondary_blob_endpoint": null,
            "secondary_blob_host": null,
            "secondary_connection_string": "DefaultEndpointsProtocol=https;AccountName=funcappblob87766;AccountKey=8W0A7wDEjZg/JdEaj5GyMLaVtH6ilPU/f6IyFeruZtSyKP8h6ubh/zHpWkh+1qf9NNUyTXub+0ej+AStpROQLw==;EndpointSuffix=core.windows.net",
            "secondary_dfs_endpoint": null,
            "secondary_dfs_host": null,
            "secondary_file_endpoint": null,
            "secondary_file_host": null,
            "secondary_location": "",
            "secondary_queue_endpoint": null,
            "secondary_queue_host": null,
            "secondary_table_endpoint": null,
            "secondary_table_host": null,
            "secondary_web_endpoint": null,
            "secondary_web_host": null,
            "sftp_enabled": false,
            "share_properties": [
              {
                "cors_rule": [],
                "retention_policy": [
                  {
                    "days": 7
                  }
                ],
                "smb": []
              }
            ],
            "shared_access_key_enabled": true,
            "static_website": [],
            "table_encryption_key_type": "Service",
            "tags": {},
            "timeouts": null
          },
          "sensitive_attributes": [],
          "private": "eyJlMmJmYjczMC1lY2FhLTExZTYtOGY4OC0zNDM2M2JjN2M0YzAiOnsiY3JlYXRlIjozNjAwMDAwMDAwMDAwLCJkZWxldGUiOjM2MDAwMDAwMDAwMDAsInJlYWQiOjMwMDAwMDAwMDAwMCwidXBkYXRlIjozNjAwMDAwMDAwMDAwfSwic2NoZW1hX3ZlcnNpb24iOiIzIn0=",
          "dependencies": [
            "azurerm_resource_group.rg1",
            "random_integer.func"
          ]
        }
      ]
    },
    {
      "mode": "managed",
      "type": "random_integer",
      "name": "func",
      "provider": "provider[\"registry.terraform.io/hashicorp/random\"]",
      "instances": [
        {
          "schema_version": 0,
          "attributes": {
            "id": "87766",
            "keepers": null,
            "max": 99999,
            "min": 10000,
            "result": 87766,
            "seed": null
          },
          "sensitive_attributes": []
        }
      ]
    },
    {
      "mode": "managed",
      "type": "random_integer",
      "name": "ri",
      "provider": "provider[\"registry.terraform.io/hashicorp/random\"]",
      "instances": [
        {
          "schema_version": 0,
          "attributes": {
            "id": "69119",
            "keepers": null,
            "max": 99999,
            "min": 10000,
            "result": 69119,
            "seed": null
          },
          "sensitive_attributes": []
        }
      ]
    }
  ],
  "check_results": null
}
