{
  "version": 4,
  "terraform_version": "1.3.9",
  "serial": 564,
  "lineage": "71e52fe5-2f59-8545-837d-2cfac56fc91e",
  "outputs": {},
  "resources": [
    {
      "mode": "managed",
      "type": "azurerm_app_service_source_control",
      "name": "sourcecontrol",
      "provider": "provider[\"registry.terraform.io/hashicorp/azurerm\"]",
      "instances": [
        {
          "schema_version": 0,
          "attributes": {
            "app_id": "/subscriptions/4414020d-454a-4759-ab50-979f6260184a/resourceGroups/apprg-50220/providers/Microsoft.Web/sites/webapp-50220",
            "branch": "main",
            "github_action_configuration": [],
            "id": "/subscriptions/4414020d-454a-4759-ab50-979f6260184a/resourceGroups/apprg-50220/providers/Microsoft.Web/sites/webapp-50220",
            "repo_url": "https://github.com/garrytees81/webapp1",
            "rollback_enabled": false,
            "scm_type": "ExternalGit",
            "timeouts": null,
            "use_local_git": false,
            "use_manual_integration": true,
            "use_mercurial": false,
            "uses_github_action": false
          },
          "sensitive_attributes": [],
          "private": "eyJlMmJmYjczMC1lY2FhLTExZTYtOGY4OC0zNDM2M2JjN2M0YzAiOnsiY3JlYXRlIjoxODAwMDAwMDAwMDAwLCJkZWxldGUiOjE4MDAwMDAwMDAwMDAsInJlYWQiOjMwMDAwMDAwMDAwMH19",
          "dependencies": [
            "azurerm_linux_web_app.webapp1"
          ]
        }
      ]
    },
    {
      "mode": "managed",
      "type": "azurerm_linux_web_app",
      "name": "webapp1",
      "provider": "provider[\"registry.terraform.io/hashicorp/azurerm\"]",
      "instances": [
        {
          "schema_version": 0,
          "attributes": {
            "app_settings": {},
            "auth_settings": [
              {
                "active_directory": [],
                "additional_login_parameters": {},
                "allowed_external_redirect_urls": [],
                "default_provider": "",
                "enabled": false,
                "facebook": [],
                "github": [],
                "google": [],
                "issuer": "",
                "microsoft": [],
                "runtime_version": "",
                "token_refresh_extension_hours": 0,
                "token_store_enabled": false,
                "twitter": [],
                "unauthenticated_client_action": ""
              }
            ],
            "backup": [],
            "client_affinity_enabled": false,
            "client_certificate_enabled": false,
            "client_certificate_exclusion_paths": "",
            "client_certificate_mode": "Required",
            "connection_string": [],
            "custom_domain_verification_id": "B0D257114EF4300955389509FBFD54979678EB49AEF706C934241FD385384D85",
            "default_hostname": "webapp-50220.azurewebsites.net",
            "enabled": true,
            "https_only": true,
            "id": "/subscriptions/4414020d-454a-4759-ab50-979f6260184a/resourceGroups/apprg-50220/providers/Microsoft.Web/sites/webapp-50220",
            "identity": [],
            "key_vault_reference_identity_id": "SystemAssigned",
            "kind": "app,linux",
            "location": "northeurope",
            "logs": [],
            "name": "webapp-50220",
            "outbound_ip_address_list": [
              "20.54.9.222",
              "20.54.9.238",
              "20.54.10.37",
              "20.54.10.70",
              "20.54.10.171",
              "40.127.234.253",
              "20.107.224.25"
            ],
            "outbound_ip_addresses": "20.54.9.222,20.54.9.238,20.54.10.37,20.54.10.70,20.54.10.171,40.127.234.253,20.107.224.25",
            "possible_outbound_ip_address_list": [
              "20.54.9.222",
              "20.54.9.238",
              "20.54.10.37",
              "20.54.10.70",
              "20.54.10.171",
              "40.127.234.253",
              "40.127.235.30",
              "20.54.10.185",
              "40.127.237.236",
              "20.54.8.99",
              "20.54.10.243",
              "20.54.10.247",
              "20.54.11.2",
              "20.54.11.20",
              "20.54.11.64",
              "20.54.11.108",
              "40.127.238.250",
              "40.127.237.188",
              "20.54.10.11",
              "20.54.10.50",
              "20.54.8.41",
              "40.127.233.109",
              "20.54.11.29",
              "20.54.11.135",
              "20.107.224.25"
            ],
            "possible_outbound_ip_addresses": "20.54.9.222,20.54.9.238,20.54.10.37,20.54.10.70,20.54.10.171,40.127.234.253,40.127.235.30,20.54.10.185,40.127.237.236,20.54.8.99,20.54.10.243,20.54.10.247,20.54.11.2,20.54.11.20,20.54.11.64,20.54.11.108,40.127.238.250,40.127.237.188,20.54.10.11,20.54.10.50,20.54.8.41,40.127.233.109,20.54.11.29,20.54.11.135,20.107.224.25",
            "resource_group_name": "apprg-50220",
            "service_plan_id": "/subscriptions/4414020d-454a-4759-ab50-979f6260184a/resourceGroups/apprg-50220/providers/Microsoft.Web/serverfarms/webapp-asp-50220",
            "site_config": [
              {
                "always_on": false,
                "api_definition_url": "",
                "api_management_api_id": "",
                "app_command_line": "",
                "application_stack": [
                  {
                    "docker_image": "",
                    "docker_image_tag": "",
                    "dotnet_version": "",
                    "go_version": "",
                    "java_server": "",
                    "java_server_version": "",
                    "java_version": "",
                    "node_version": "18-lts",
                    "php_version": "",
                    "python_version": "",
                    "ruby_version": ""
                  }
                ],
                "auto_heal_enabled": false,
                "auto_heal_setting": [],
                "container_registry_managed_identity_client_id": "",
                "container_registry_use_managed_identity": false,
                "cors": [],
                "default_documents": [
                  "Default.htm",
                  "Default.html",
                  "Default.asp",
                  "index.htm",
                  "index.html",
                  "iisstart.htm",
                  "default.aspx",
                  "index.php",
                  "hostingstart.html"
                ],
                "detailed_error_logging_enabled": false,
                "ftps_state": "Disabled",
                "health_check_eviction_time_in_min": 0,
                "health_check_path": "",
                "http2_enabled": false,
                "ip_restriction": [],
                "linux_fx_version": "NODE|18-lts",
                "load_balancing_mode": "LeastRequests",
                "local_mysql_enabled": false,
                "managed_pipeline_mode": "Integrated",
                "minimum_tls_version": "1.2",
                "remote_debugging_enabled": false,
                "remote_debugging_version": "VS2019",
                "scm_ip_restriction": [],
                "scm_minimum_tls_version": "1.2",
                "scm_type": "ExternalGit",
                "scm_use_main_ip_restriction": false,
                "use_32_bit_worker": true,
                "vnet_route_all_enabled": false,
                "websockets_enabled": false,
                "worker_count": 1
              }
            ],
            "site_credential": [
              {
                "name": "$webapp-50220",
                "password": "cFbmc12xxkg746aRhpziunh9BoLhpWWffCgRN3zJoM9t3iqxKTokzr9fyGBy"
              }
            ],
            "sticky_settings": [],
            "storage_account": [],
            "tags": {},
            "timeouts": null,
            "virtual_network_subnet_id": "",
            "zip_deploy_file": ""
          },
          "sensitive_attributes": [],
          "private": "eyJlMmJmYjczMC1lY2FhLTExZTYtOGY4OC0zNDM2M2JjN2M0YzAiOnsiY3JlYXRlIjoxODAwMDAwMDAwMDAwLCJkZWxldGUiOjE4MDAwMDAwMDAwMDAsInJlYWQiOjMwMDAwMDAwMDAwMCwidXBkYXRlIjoxODAwMDAwMDAwMDAwfX0=",
          "dependencies": [
            "azurerm_resource_group.rg",
            "azurerm_service_plan.WebAppPlan1",
            "random_integer.ri"
          ]
        }
      ]
    },
    {
      "mode": "managed",
      "type": "azurerm_resource_group",
      "name": "rg",
      "provider": "provider[\"registry.terraform.io/hashicorp/azurerm\"]",
      "instances": [
        {
          "schema_version": 0,
          "attributes": {
            "id": "/subscriptions/4414020d-454a-4759-ab50-979f6260184a/resourceGroups/apprg-50220",
            "location": "northeurope",
            "name": "apprg-50220",
            "tags": {},
            "timeouts": null
          },
          "sensitive_attributes": [],
          "private": "eyJlMmJmYjczMC1lY2FhLTExZTYtOGY4OC0zNDM2M2JjN2M0YzAiOnsiY3JlYXRlIjo1NDAwMDAwMDAwMDAwLCJkZWxldGUiOjU0MDAwMDAwMDAwMDAsInJlYWQiOjMwMDAwMDAwMDAwMCwidXBkYXRlIjo1NDAwMDAwMDAwMDAwfX0=",
          "dependencies": [
            "random_integer.ri"
          ]
        }
      ]
    },
    {
      "mode": "managed",
      "type": "azurerm_service_plan",
      "name": "WebAppPlan1",
      "provider": "provider[\"registry.terraform.io/hashicorp/azurerm\"]",
      "instances": [
        {
          "schema_version": 0,
          "attributes": {
            "app_service_environment_id": "",
            "id": "/subscriptions/4414020d-454a-4759-ab50-979f6260184a/resourceGroups/apprg-50220/providers/Microsoft.Web/serverfarms/webapp-asp-50220",
            "kind": "linux",
            "location": "northeurope",
            "maximum_elastic_worker_count": 1,
            "name": "webapp-asp-50220",
            "os_type": "Linux",
            "per_site_scaling_enabled": false,
            "reserved": true,
            "resource_group_name": "apprg-50220",
            "sku_name": "F1",
            "tags": {},
            "timeouts": null,
            "worker_count": 1,
            "zone_balancing_enabled": false
          },
          "sensitive_attributes": [],
          "private": "eyJlMmJmYjczMC1lY2FhLTExZTYtOGY4OC0zNDM2M2JjN2M0YzAiOnsiY3JlYXRlIjozNjAwMDAwMDAwMDAwLCJkZWxldGUiOjM2MDAwMDAwMDAwMDAsInJlYWQiOjMwMDAwMDAwMDAwMCwidXBkYXRlIjozNjAwMDAwMDAwMDAwfX0=",
          "dependencies": [
            "azurerm_resource_group.rg",
            "random_integer.ri"
          ]
        }
      ]
    },
    {
      "mode": "managed",
      "type": "random_integer",
      "name": "ri",
      "provider": "provider[\"registry.terraform.io/hashicorp/random\"]",
      "instances": [
        {
          "schema_version": 0,
          "attributes": {
            "id": "50220",
            "keepers": null,
            "max": 99999,
            "min": 10000,
            "result": 50220,
            "seed": null
          },
          "sensitive_attributes": []
        }
      ]
    }
  ],
  "check_results": null
}
